
Microsoft Visual Studio Solution File, Format Version 12.00
# Visual Studio Version 17
VisualStudioVersion = 17.13.35931.197 d17.13
MinimumVisualStudioVersion = 10.0.40219.1
Project("{FAE04EC0-301F-11D3-BF4B-00C04F79EFBC}") = "Metot_Pratik", "Metot_Pratik\Metot_Pratik.csproj", "{62D05D62-2E15-45CA-A117-7607E33DBB70}"
EndProject
Global
	GlobalSection(SolutionConfigurationPlatforms) = preSolution
		Debug|Any CPU = Debug|Any CPU
		Release|Any CPU = Release|Any CPU
	EndGlobalSection
	GlobalSection(ProjectConfigurationPlatforms) = postSolution
		{62D05D62-2E15-45CA-A117-7607E33DBB70}.Debug|Any CPU.ActiveCfg = Debug|Any CPU
		{62D05D62-2E15-45CA-A117-7607E33DBB70}.Debug|Any CPU.Build.0 = Debug|Any CPU
		{62D05D62-2E15-45CA-A117-7607E33DBB70}.Release|Any CPU.ActiveCfg = Release|Any CPU
		{62D05D62-2E15-45CA-A117-7607E33DBB70}.Release|Any CPU.Build.0 = Release|Any CPU
	EndGlobalSection
	GlobalSection(SolutionProperties) = preSolution
		HideSolutionNode = FALSE
	EndGlobalSection
	GlobalSection(ExtensibilityGlobals) = postSolution
		SolutionGuid = {6E1C895D-1B07-4799-B86D-B48956989ACA}
	EndGlobalSection
EndGlobal
